{
  "version": 4,
  "terraform_version": "1.6.6",
  "serial": 176,
  "lineage": "5710e7aa-1136-7ec7-afa2-cacf549b662e",
  "outputs": {},
  "resources": [
    {
      "mode": "managed",
      "type": "azurerm_lb",
      "name": "public_lb",
      "provider": "provider[\"registry.terraform.io/hashicorp/azurerm\"]",
      "instances": [
        {
          "schema_version": 0,
          "attributes": {
            "edge_zone": "",
            "frontend_ip_configuration": [
              {
                "gateway_load_balancer_frontend_ip_configuration_id": "",
                "id": "/subscriptions/ff9eefe4-311a-4e21-94b8-b9739e8d7da2/resourceGroups/myrg/providers/Microsoft.Network/loadBalancers/mylb/frontendIPConfigurations/mybluelbpublicip",
                "inbound_nat_rules": [],
                "load_balancer_rules": [],
                "name": "mybluelbpublicip",
                "outbound_rules": [],
                "private_ip_address": "",
                "private_ip_address_allocation": "Dynamic",
                "private_ip_address_version": "",
                "public_ip_address_id": "/subscriptions/ff9eefe4-311a-4e21-94b8-b9739e8d7da2/resourceGroups/myrg/providers/Microsoft.Network/publicIPAddresses/mybluepublicip",
                "public_ip_prefix_id": "",
                "subnet_id": "",
                "zones": null
              },
              {
                "gateway_load_balancer_frontend_ip_configuration_id": "",
                "id": "/subscriptions/ff9eefe4-311a-4e21-94b8-b9739e8d7da2/resourceGroups/myrg/providers/Microsoft.Network/loadBalancers/mylb/frontendIPConfigurations/mygreenlbpublicip",
                "inbound_nat_rules": [],
                "load_balancer_rules": [],
                "name": "mygreenlbpublicip",
                "outbound_rules": [],
                "private_ip_address": "",
                "private_ip_address_allocation": "Dynamic",
                "private_ip_address_version": "",
                "public_ip_address_id": "/subscriptions/ff9eefe4-311a-4e21-94b8-b9739e8d7da2/resourceGroups/myrg/providers/Microsoft.Network/publicIPAddresses/mygreenpublicip",
                "public_ip_prefix_id": "",
                "subnet_id": "",
                "zones": null
              }
            ],
            "id": "/subscriptions/ff9eefe4-311a-4e21-94b8-b9739e8d7da2/resourceGroups/myrg/providers/Microsoft.Network/loadBalancers/mylb",
            "location": "centralus",
            "name": "mylb",
            "private_ip_address": "",
            "private_ip_addresses": [],
            "resource_group_name": "myrg",
            "sku": "Standard",
            "sku_tier": "Regional",
            "tags": null,
            "timeouts": null
          },
          "sensitive_attributes": [],
          "private": "eyJlMmJmYjczMC1lY2FhLTExZTYtOGY4OC0zNDM2M2JjN2M0YzAiOnsiY3JlYXRlIjoxODAwMDAwMDAwMDAwLCJkZWxldGUiOjE4MDAwMDAwMDAwMDAsInJlYWQiOjMwMDAwMDAwMDAwMCwidXBkYXRlIjoxODAwMDAwMDAwMDAwfX0=",
          "dependencies": [
            "azurerm_public_ip.blue_public_ip",
            "azurerm_public_ip.green_public_ip",
            "azurerm_resource_group.rg"
          ]
        }
      ]
    },
    {
      "mode": "managed",
      "type": "azurerm_lb_backend_address_pool",
      "name": "blue_pool",
      "provider": "provider[\"registry.terraform.io/hashicorp/azurerm\"]",
      "instances": [
        {
          "schema_version": 0,
          "attributes": {
            "backend_ip_configurations": [],
            "id": "/subscriptions/ff9eefe4-311a-4e21-94b8-b9739e8d7da2/resourceGroups/myrg/providers/Microsoft.Network/loadBalancers/mylb/backendAddressPools/blue-pool",
            "inbound_nat_rules": [],
            "load_balancing_rules": [],
            "loadbalancer_id": "/subscriptions/ff9eefe4-311a-4e21-94b8-b9739e8d7da2/resourceGroups/myrg/providers/Microsoft.Network/loadBalancers/mylb",
            "name": "blue-pool",
            "outbound_rules": [],
            "timeouts": null,
            "tunnel_interface": [],
            "virtual_network_id": ""
          },
          "sensitive_attributes": [],
          "private": "eyJlMmJmYjczMC1lY2FhLTExZTYtOGY4OC0zNDM2M2JjN2M0YzAiOnsiY3JlYXRlIjoxODAwMDAwMDAwMDAwLCJkZWxldGUiOjE4MDAwMDAwMDAwMDAsInJlYWQiOjMwMDAwMDAwMDAwMCwidXBkYXRlIjoxODAwMDAwMDAwMDAwfX0=",
          "dependencies": [
            "azurerm_lb.public_lb",
            "azurerm_public_ip.blue_public_ip",
            "azurerm_public_ip.green_public_ip",
            "azurerm_resource_group.rg"
          ]
        }
      ]
    },
    {
      "mode": "managed",
      "type": "azurerm_lb_backend_address_pool",
      "name": "green_pool",
      "provider": "provider[\"registry.terraform.io/hashicorp/azurerm\"]",
      "instances": [
        {
          "schema_version": 0,
          "attributes": {
            "backend_ip_configurations": [],
            "id": "/subscriptions/ff9eefe4-311a-4e21-94b8-b9739e8d7da2/resourceGroups/myrg/providers/Microsoft.Network/loadBalancers/mylb/backendAddressPools/green-pool",
            "inbound_nat_rules": [],
            "load_balancing_rules": [],
            "loadbalancer_id": "/subscriptions/ff9eefe4-311a-4e21-94b8-b9739e8d7da2/resourceGroups/myrg/providers/Microsoft.Network/loadBalancers/mylb",
            "name": "green-pool",
            "outbound_rules": [],
            "timeouts": null,
            "tunnel_interface": [],
            "virtual_network_id": ""
          },
          "sensitive_attributes": [],
          "private": "eyJlMmJmYjczMC1lY2FhLTExZTYtOGY4OC0zNDM2M2JjN2M0YzAiOnsiY3JlYXRlIjoxODAwMDAwMDAwMDAwLCJkZWxldGUiOjE4MDAwMDAwMDAwMDAsInJlYWQiOjMwMDAwMDAwMDAwMCwidXBkYXRlIjoxODAwMDAwMDAwMDAwfX0=",
          "dependencies": [
            "azurerm_lb.public_lb",
            "azurerm_public_ip.blue_public_ip",
            "azurerm_public_ip.green_public_ip",
            "azurerm_resource_group.rg"
          ]
        }
      ]
    },
    {
      "mode": "managed",
      "type": "azurerm_lb_probe",
      "name": "http_probe",
      "provider": "provider[\"registry.terraform.io/hashicorp/azurerm\"]",
      "instances": [
        {
          "schema_version": 0,
          "attributes": {
            "id": "/subscriptions/ff9eefe4-311a-4e21-94b8-b9739e8d7da2/resourceGroups/myrg/providers/Microsoft.Network/loadBalancers/mylb/probes/http-probe",
            "interval_in_seconds": 15,
            "load_balancer_rules": [],
            "loadbalancer_id": "/subscriptions/ff9eefe4-311a-4e21-94b8-b9739e8d7da2/resourceGroups/myrg/providers/Microsoft.Network/loadBalancers/mylb",
            "name": "http-probe",
            "number_of_probes": 2,
            "port": 80,
            "probe_threshold": 1,
            "protocol": "Tcp",
            "request_path": "",
            "timeouts": null
          },
          "sensitive_attributes": [],
          "private": "eyJlMmJmYjczMC1lY2FhLTExZTYtOGY4OC0zNDM2M2JjN2M0YzAiOnsiY3JlYXRlIjoxODAwMDAwMDAwMDAwLCJkZWxldGUiOjE4MDAwMDAwMDAwMDAsInJlYWQiOjMwMDAwMDAwMDAwMCwidXBkYXRlIjoxODAwMDAwMDAwMDAwfX0=",
          "dependencies": [
            "azurerm_lb.public_lb",
            "azurerm_public_ip.blue_public_ip",
            "azurerm_public_ip.green_public_ip",
            "azurerm_resource_group.rg"
          ]
        }
      ]
    },
    {
      "mode": "managed",
      "type": "azurerm_lb_rule",
      "name": "http_rule_blue",
      "provider": "provider[\"registry.terraform.io/hashicorp/azurerm\"]",
      "instances": [
        {
          "schema_version": 0,
          "attributes": {
            "backend_address_pool_ids": [
              "/subscriptions/ff9eefe4-311a-4e21-94b8-b9739e8d7da2/resourceGroups/myrg/providers/Microsoft.Network/loadBalancers/mylb/backendAddressPools/blue-pool"
            ],
            "backend_port": 80,
            "disable_outbound_snat": false,
            "enable_floating_ip": false,
            "enable_tcp_reset": false,
            "frontend_ip_configuration_id": "/subscriptions/ff9eefe4-311a-4e21-94b8-b9739e8d7da2/resourceGroups/myrg/providers/Microsoft.Network/loadBalancers/mylb/frontendIPConfigurations/mybluelbpublicip",
            "frontend_ip_configuration_name": "mybluelbpublicip",
            "frontend_port": 80,
            "id": "/subscriptions/ff9eefe4-311a-4e21-94b8-b9739e8d7da2/resourceGroups/myrg/providers/Microsoft.Network/loadBalancers/mylb/loadBalancingRules/http-rule-blue",
            "idle_timeout_in_minutes": 4,
            "load_distribution": "Default",
            "loadbalancer_id": "/subscriptions/ff9eefe4-311a-4e21-94b8-b9739e8d7da2/resourceGroups/myrg/providers/Microsoft.Network/loadBalancers/mylb",
            "name": "http-rule-blue",
            "probe_id": "/subscriptions/ff9eefe4-311a-4e21-94b8-b9739e8d7da2/resourceGroups/myrg/providers/Microsoft.Network/loadBalancers/mylb/probes/http-probe",
            "protocol": "Tcp",
            "timeouts": null
          },
          "sensitive_attributes": [],
          "private": "eyJlMmJmYjczMC1lY2FhLTExZTYtOGY4OC0zNDM2M2JjN2M0YzAiOnsiY3JlYXRlIjoxODAwMDAwMDAwMDAwLCJkZWxldGUiOjE4MDAwMDAwMDAwMDAsInJlYWQiOjMwMDAwMDAwMDAwMCwidXBkYXRlIjoxODAwMDAwMDAwMDAwfX0=",
          "dependencies": [
            "azurerm_lb.public_lb",
            "azurerm_lb_backend_address_pool.blue_pool",
            "azurerm_lb_probe.http_probe",
            "azurerm_public_ip.blue_public_ip",
            "azurerm_public_ip.green_public_ip",
            "azurerm_resource_group.rg"
          ]
        }
      ]
    },
    {
      "mode": "managed",
      "type": "azurerm_lb_rule",
      "name": "http_rule_green",
      "provider": "provider[\"registry.terraform.io/hashicorp/azurerm\"]",
      "instances": [
        {
          "schema_version": 0,
          "attributes": {
            "backend_address_pool_ids": [
              "/subscriptions/ff9eefe4-311a-4e21-94b8-b9739e8d7da2/resourceGroups/myrg/providers/Microsoft.Network/loadBalancers/mylb/backendAddressPools/green-pool"
            ],
            "backend_port": 80,
            "disable_outbound_snat": false,
            "enable_floating_ip": false,
            "enable_tcp_reset": false,
            "frontend_ip_configuration_id": "/subscriptions/ff9eefe4-311a-4e21-94b8-b9739e8d7da2/resourceGroups/myrg/providers/Microsoft.Network/loadBalancers/mylb/frontendIPConfigurations/mygreenlbpublicip",
            "frontend_ip_configuration_name": "mygreenlbpublicip",
            "frontend_port": 80,
            "id": "/subscriptions/ff9eefe4-311a-4e21-94b8-b9739e8d7da2/resourceGroups/myrg/providers/Microsoft.Network/loadBalancers/mylb/loadBalancingRules/http-rule-green",
            "idle_timeout_in_minutes": 4,
            "load_distribution": "Default",
            "loadbalancer_id": "/subscriptions/ff9eefe4-311a-4e21-94b8-b9739e8d7da2/resourceGroups/myrg/providers/Microsoft.Network/loadBalancers/mylb",
            "name": "http-rule-green",
            "probe_id": "/subscriptions/ff9eefe4-311a-4e21-94b8-b9739e8d7da2/resourceGroups/myrg/providers/Microsoft.Network/loadBalancers/mylb/probes/http-probe",
            "protocol": "Tcp",
            "timeouts": null
          },
          "sensitive_attributes": [],
          "private": "eyJlMmJmYjczMC1lY2FhLTExZTYtOGY4OC0zNDM2M2JjN2M0YzAiOnsiY3JlYXRlIjoxODAwMDAwMDAwMDAwLCJkZWxldGUiOjE4MDAwMDAwMDAwMDAsInJlYWQiOjMwMDAwMDAwMDAwMCwidXBkYXRlIjoxODAwMDAwMDAwMDAwfX0=",
          "dependencies": [
            "azurerm_lb.public_lb",
            "azurerm_lb_backend_address_pool.green_pool",
            "azurerm_lb_probe.http_probe",
            "azurerm_public_ip.blue_public_ip",
            "azurerm_public_ip.green_public_ip",
            "azurerm_resource_group.rg"
          ]
        }
      ]
    },
    {
      "mode": "managed",
      "type": "azurerm_network_interface_backend_address_pool_association",
      "name": "blue_lb_association",
      "provider": "provider[\"registry.terraform.io/hashicorp/azurerm\"]",
      "instances": [
        {
          "schema_version": 0,
          "attributes": {
            "backend_address_pool_id": "/subscriptions/ff9eefe4-311a-4e21-94b8-b9739e8d7da2/resourceGroups/myrg/providers/Microsoft.Network/loadBalancers/mylb/backendAddressPools/blue-pool",
            "id": "/subscriptions/ff9eefe4-311a-4e21-94b8-b9739e8d7da2/resourceGroups/myrg/providers/Microsoft.Network/networkInterfaces/blue-mynic/ipConfigurations/blue-myip|/subscriptions/ff9eefe4-311a-4e21-94b8-b9739e8d7da2/resourceGroups/myrg/providers/Microsoft.Network/loadBalancers/mylb/backendAddressPools/blue-pool",
            "ip_configuration_name": "blue-myip",
            "network_interface_id": "/subscriptions/ff9eefe4-311a-4e21-94b8-b9739e8d7da2/resourceGroups/myrg/providers/Microsoft.Network/networkInterfaces/blue-mynic",
            "timeouts": null
          },
          "sensitive_attributes": [],
          "private": "eyJlMmJmYjczMC1lY2FhLTExZTYtOGY4OC0zNDM2M2JjN2M0YzAiOnsiY3JlYXRlIjoxODAwMDAwMDAwMDAwLCJkZWxldGUiOjE4MDAwMDAwMDAwMDAsInJlYWQiOjMwMDAwMDAwMDAwMH19",
          "dependencies": [
            "azurerm_lb.public_lb",
            "azurerm_lb_backend_address_pool.blue_pool",
            "azurerm_public_ip.blue_public_ip",
            "azurerm_public_ip.green_public_ip",
            "azurerm_resource_group.rg",
            "azurerm_subnet.subnet1",
            "azurerm_virtual_network.vnet",
            "module.blue_vm.azurerm_network_interface.my_nic",
            "module.blue_vm.azurerm_network_interface_security_group_association.nsg_nic_association",
            "module.blue_vm.azurerm_network_security_group.my_nsg",
            "module.blue_vm.azurerm_network_security_rule.example",
            "module.blue_vm.azurerm_virtual_machine.my_vm"
          ]
        }
      ]
    },
    {
      "mode": "managed",
      "type": "azurerm_network_interface_backend_address_pool_association",
      "name": "green_lb_association",
      "provider": "provider[\"registry.terraform.io/hashicorp/azurerm\"]",
      "instances": [
        {
          "schema_version": 0,
          "attributes": {
            "backend_address_pool_id": "/subscriptions/ff9eefe4-311a-4e21-94b8-b9739e8d7da2/resourceGroups/myrg/providers/Microsoft.Network/loadBalancers/mylb/backendAddressPools/green-pool",
            "id": "/subscriptions/ff9eefe4-311a-4e21-94b8-b9739e8d7da2/resourceGroups/myrg/providers/Microsoft.Network/networkInterfaces/green-mynic/ipConfigurations/green-myip|/subscriptions/ff9eefe4-311a-4e21-94b8-b9739e8d7da2/resourceGroups/myrg/providers/Microsoft.Network/loadBalancers/mylb/backendAddressPools/green-pool",
            "ip_configuration_name": "green-myip",
            "network_interface_id": "/subscriptions/ff9eefe4-311a-4e21-94b8-b9739e8d7da2/resourceGroups/myrg/providers/Microsoft.Network/networkInterfaces/green-mynic",
            "timeouts": null
          },
          "sensitive_attributes": [],
          "private": "eyJlMmJmYjczMC1lY2FhLTExZTYtOGY4OC0zNDM2M2JjN2M0YzAiOnsiY3JlYXRlIjoxODAwMDAwMDAwMDAwLCJkZWxldGUiOjE4MDAwMDAwMDAwMDAsInJlYWQiOjMwMDAwMDAwMDAwMH19",
          "dependencies": [
            "azurerm_lb.public_lb",
            "azurerm_lb_backend_address_pool.green_pool",
            "azurerm_public_ip.blue_public_ip",
            "azurerm_public_ip.green_public_ip",
            "azurerm_resource_group.rg",
            "azurerm_subnet.subnet1",
            "azurerm_subnet.subnet2",
            "azurerm_virtual_network.vnet",
            "module.green_vm.azurerm_network_interface.my_nic",
            "module.green_vm.azurerm_network_interface_security_group_association.nsg_nic_association",
            "module.green_vm.azurerm_network_security_group.my_nsg",
            "module.green_vm.azurerm_network_security_rule.example",
            "module.green_vm.azurerm_virtual_machine.my_vm"
          ]
        }
      ]
    },
    {
      "mode": "managed",
      "type": "azurerm_public_ip",
      "name": "blue_public_ip",
      "provider": "provider[\"registry.terraform.io/hashicorp/azurerm\"]",
      "instances": [
        {
          "schema_version": 0,
          "attributes": {
            "allocation_method": "Static",
            "ddos_protection_mode": "VirtualNetworkInherited",
            "ddos_protection_plan_id": null,
            "domain_name_label": null,
            "edge_zone": "",
            "fqdn": null,
            "id": "/subscriptions/ff9eefe4-311a-4e21-94b8-b9739e8d7da2/resourceGroups/myrg/providers/Microsoft.Network/publicIPAddresses/mybluepublicip",
            "idle_timeout_in_minutes": 4,
            "ip_address": "52.173.255.12",
            "ip_tags": null,
            "ip_version": "IPv4",
            "location": "centralus",
            "name": "mybluepublicip",
            "public_ip_prefix_id": null,
            "resource_group_name": "myrg",
            "reverse_fqdn": null,
            "sku": "Standard",
            "sku_tier": "Regional",
            "tags": null,
            "timeouts": null,
            "zones": null
          },
          "sensitive_attributes": [],
          "private": "eyJlMmJmYjczMC1lY2FhLTExZTYtOGY4OC0zNDM2M2JjN2M0YzAiOnsiY3JlYXRlIjoxODAwMDAwMDAwMDAwLCJkZWxldGUiOjE4MDAwMDAwMDAwMDAsInJlYWQiOjMwMDAwMDAwMDAwMCwidXBkYXRlIjoxODAwMDAwMDAwMDAwfX0=",
          "dependencies": [
            "azurerm_resource_group.rg"
          ]
        }
      ]
    },
    {
      "mode": "managed",
      "type": "azurerm_public_ip",
      "name": "green_public_ip",
      "provider": "provider[\"registry.terraform.io/hashicorp/azurerm\"]",
      "instances": [
        {
          "schema_version": 0,
          "attributes": {
            "allocation_method": "Static",
            "ddos_protection_mode": "VirtualNetworkInherited",
            "ddos_protection_plan_id": null,
            "domain_name_label": null,
            "edge_zone": "",
            "fqdn": null,
            "id": "/subscriptions/ff9eefe4-311a-4e21-94b8-b9739e8d7da2/resourceGroups/myrg/providers/Microsoft.Network/publicIPAddresses/mygreenpublicip",
            "idle_timeout_in_minutes": 4,
            "ip_address": "52.173.255.7",
            "ip_tags": null,
            "ip_version": "IPv4",
            "location": "centralus",
            "name": "mygreenpublicip",
            "public_ip_prefix_id": null,
            "resource_group_name": "myrg",
            "reverse_fqdn": null,
            "sku": "Standard",
            "sku_tier": "Regional",
            "tags": null,
            "timeouts": null,
            "zones": null
          },
          "sensitive_attributes": [],
          "private": "eyJlMmJmYjczMC1lY2FhLTExZTYtOGY4OC0zNDM2M2JjN2M0YzAiOnsiY3JlYXRlIjoxODAwMDAwMDAwMDAwLCJkZWxldGUiOjE4MDAwMDAwMDAwMDAsInJlYWQiOjMwMDAwMDAwMDAwMCwidXBkYXRlIjoxODAwMDAwMDAwMDAwfX0=",
          "dependencies": [
            "azurerm_resource_group.rg"
          ]
        }
      ]
    },
    {
      "mode": "managed",
      "type": "azurerm_resource_group",
      "name": "rg",
      "provider": "provider[\"registry.terraform.io/hashicorp/azurerm\"]",
      "instances": [
        {
          "schema_version": 0,
          "attributes": {
            "id": "/subscriptions/ff9eefe4-311a-4e21-94b8-b9739e8d7da2/resourceGroups/myrg",
            "location": "centralus",
            "managed_by": "",
            "name": "myrg",
            "tags": null,
            "timeouts": null
          },
          "sensitive_attributes": [],
          "private": "eyJlMmJmYjczMC1lY2FhLTExZTYtOGY4OC0zNDM2M2JjN2M0YzAiOnsiY3JlYXRlIjo1NDAwMDAwMDAwMDAwLCJkZWxldGUiOjU0MDAwMDAwMDAwMDAsInJlYWQiOjMwMDAwMDAwMDAwMCwidXBkYXRlIjo1NDAwMDAwMDAwMDAwfX0="
        }
      ]
    },
    {
      "mode": "managed",
      "type": "azurerm_subnet",
      "name": "subnet1",
      "provider": "provider[\"registry.terraform.io/hashicorp/azurerm\"]",
      "instances": [
        {
          "schema_version": 0,
          "attributes": {
            "address_prefixes": [
              "10.0.1.0/24"
            ],
            "delegation": [],
            "enforce_private_link_endpoint_network_policies": false,
            "enforce_private_link_service_network_policies": false,
            "id": "/subscriptions/ff9eefe4-311a-4e21-94b8-b9739e8d7da2/resourceGroups/myrg/providers/Microsoft.Network/virtualNetworks/myvnet/subnets/subnet1",
            "name": "subnet1",
            "private_endpoint_network_policies_enabled": true,
            "private_link_service_network_policies_enabled": true,
            "resource_group_name": "myrg",
            "service_endpoint_policy_ids": null,
            "service_endpoints": null,
            "timeouts": null,
            "virtual_network_name": "myvnet"
          },
          "sensitive_attributes": [],
          "private": "eyJlMmJmYjczMC1lY2FhLTExZTYtOGY4OC0zNDM2M2JjN2M0YzAiOnsiY3JlYXRlIjoxODAwMDAwMDAwMDAwLCJkZWxldGUiOjE4MDAwMDAwMDAwMDAsInJlYWQiOjMwMDAwMDAwMDAwMCwidXBkYXRlIjoxODAwMDAwMDAwMDAwfX0=",
          "dependencies": [
            "azurerm_resource_group.rg",
            "azurerm_virtual_network.vnet"
          ]
        }
      ]
    },
    {
      "mode": "managed",
      "type": "azurerm_subnet",
      "name": "subnet2",
      "provider": "provider[\"registry.terraform.io/hashicorp/azurerm\"]",
      "instances": [
        {
          "schema_version": 0,
          "attributes": {
            "address_prefixes": [
              "10.0.2.0/24"
            ],
            "delegation": [],
            "enforce_private_link_endpoint_network_policies": false,
            "enforce_private_link_service_network_policies": false,
            "id": "/subscriptions/ff9eefe4-311a-4e21-94b8-b9739e8d7da2/resourceGroups/myrg/providers/Microsoft.Network/virtualNetworks/myvnet/subnets/subnet2",
            "name": "subnet2",
            "private_endpoint_network_policies_enabled": true,
            "private_link_service_network_policies_enabled": true,
            "resource_group_name": "myrg",
            "service_endpoint_policy_ids": null,
            "service_endpoints": null,
            "timeouts": null,
            "virtual_network_name": "myvnet"
          },
          "sensitive_attributes": [],
          "private": "eyJlMmJmYjczMC1lY2FhLTExZTYtOGY4OC0zNDM2M2JjN2M0YzAiOnsiY3JlYXRlIjoxODAwMDAwMDAwMDAwLCJkZWxldGUiOjE4MDAwMDAwMDAwMDAsInJlYWQiOjMwMDAwMDAwMDAwMCwidXBkYXRlIjoxODAwMDAwMDAwMDAwfX0=",
          "dependencies": [
            "azurerm_resource_group.rg",
            "azurerm_virtual_network.vnet"
          ]
        }
      ]
    },
    {
      "mode": "managed",
      "type": "azurerm_subnet",
      "name": "subnet3",
      "provider": "provider[\"registry.terraform.io/hashicorp/azurerm\"]",
      "instances": [
        {
          "schema_version": 0,
          "attributes": {
            "address_prefixes": [
              "10.0.3.0/24"
            ],
            "delegation": [],
            "enforce_private_link_endpoint_network_policies": false,
            "enforce_private_link_service_network_policies": false,
            "id": "/subscriptions/ff9eefe4-311a-4e21-94b8-b9739e8d7da2/resourceGroups/myrg/providers/Microsoft.Network/virtualNetworks/myvnet/subnets/subnet3",
            "name": "subnet3",
            "private_endpoint_network_policies_enabled": true,
            "private_link_service_network_policies_enabled": true,
            "resource_group_name": "myrg",
            "service_endpoint_policy_ids": null,
            "service_endpoints": null,
            "timeouts": null,
            "virtual_network_name": "myvnet"
          },
          "sensitive_attributes": [],
          "private": "eyJlMmJmYjczMC1lY2FhLTExZTYtOGY4OC0zNDM2M2JjN2M0YzAiOnsiY3JlYXRlIjoxODAwMDAwMDAwMDAwLCJkZWxldGUiOjE4MDAwMDAwMDAwMDAsInJlYWQiOjMwMDAwMDAwMDAwMCwidXBkYXRlIjoxODAwMDAwMDAwMDAwfX0=",
          "dependencies": [
            "azurerm_resource_group.rg",
            "azurerm_virtual_network.vnet"
          ]
        }
      ]
    },
    {
      "mode": "managed",
      "type": "azurerm_virtual_network",
      "name": "vnet",
      "provider": "provider[\"registry.terraform.io/hashicorp/azurerm\"]",
      "instances": [
        {
          "schema_version": 0,
          "attributes": {
            "address_space": [
              "10.0.0.0/16"
            ],
            "bgp_community": "",
            "ddos_protection_plan": [],
            "dns_servers": [],
            "edge_zone": "",
            "encryption": [],
            "flow_timeout_in_minutes": 0,
            "guid": "387e3a62-5bf3-4245-abc3-5909e9f98e9c",
            "id": "/subscriptions/ff9eefe4-311a-4e21-94b8-b9739e8d7da2/resourceGroups/myrg/providers/Microsoft.Network/virtualNetworks/myvnet",
            "location": "centralus",
            "name": "myvnet",
            "resource_group_name": "myrg",
            "subnet": [],
            "tags": null,
            "timeouts": null
          },
          "sensitive_attributes": [],
          "private": "eyJlMmJmYjczMC1lY2FhLTExZTYtOGY4OC0zNDM2M2JjN2M0YzAiOnsiY3JlYXRlIjoxODAwMDAwMDAwMDAwLCJkZWxldGUiOjE4MDAwMDAwMDAwMDAsInJlYWQiOjMwMDAwMDAwMDAwMCwidXBkYXRlIjoxODAwMDAwMDAwMDAwfX0=",
          "dependencies": [
            "azurerm_resource_group.rg"
          ]
        }
      ]
    },
    {
      "module": "module.blue_vm",
      "mode": "managed",
      "type": "azurerm_network_interface",
      "name": "my_nic",
      "provider": "provider[\"registry.terraform.io/hashicorp/azurerm\"]",
      "instances": [
        {
          "schema_version": 0,
          "attributes": {
            "applied_dns_servers": [],
            "auxiliary_mode": "",
            "auxiliary_sku": "",
            "dns_servers": [],
            "edge_zone": "",
            "enable_accelerated_networking": false,
            "enable_ip_forwarding": false,
            "id": "/subscriptions/ff9eefe4-311a-4e21-94b8-b9739e8d7da2/resourceGroups/myrg/providers/Microsoft.Network/networkInterfaces/blue-mynic",
            "internal_dns_name_label": "",
            "internal_domain_name_suffix": "mi3h2ohtlncufk4dlee4t4mote.gx.internal.cloudapp.net",
            "ip_configuration": [
              {
                "gateway_load_balancer_frontend_ip_configuration_id": "",
                "name": "blue-myip",
                "primary": true,
                "private_ip_address": "10.0.1.4",
                "private_ip_address_allocation": "Dynamic",
                "private_ip_address_version": "IPv4",
                "public_ip_address_id": "",
                "subnet_id": "/subscriptions/ff9eefe4-311a-4e21-94b8-b9739e8d7da2/resourceGroups/myrg/providers/Microsoft.Network/virtualNetworks/myvnet/subnets/subnet1"
              }
            ],
            "location": "centralus",
            "mac_address": "",
            "name": "blue-mynic",
            "private_ip_address": "10.0.1.4",
            "private_ip_addresses": [
              "10.0.1.4"
            ],
            "resource_group_name": "myrg",
            "tags": null,
            "timeouts": null,
            "virtual_machine_id": ""
          },
          "sensitive_attributes": [],
          "private": "eyJlMmJmYjczMC1lY2FhLTExZTYtOGY4OC0zNDM2M2JjN2M0YzAiOnsiY3JlYXRlIjoxODAwMDAwMDAwMDAwLCJkZWxldGUiOjE4MDAwMDAwMDAwMDAsInJlYWQiOjMwMDAwMDAwMDAwMCwidXBkYXRlIjoxODAwMDAwMDAwMDAwfX0=",
          "dependencies": [
            "azurerm_resource_group.rg",
            "azurerm_subnet.subnet1",
            "azurerm_virtual_network.vnet"
          ]
        }
      ]
    },
    {
      "module": "module.blue_vm",
      "mode": "managed",
      "type": "azurerm_network_interface_security_group_association",
      "name": "nsg_nic_association",
      "provider": "provider[\"registry.terraform.io/hashicorp/azurerm\"]",
      "instances": [
        {
          "schema_version": 0,
          "attributes": {
            "id": "/subscriptions/ff9eefe4-311a-4e21-94b8-b9739e8d7da2/resourceGroups/myrg/providers/Microsoft.Network/networkInterfaces/blue-mynic|/subscriptions/ff9eefe4-311a-4e21-94b8-b9739e8d7da2/resourceGroups/myrg/providers/Microsoft.Network/networkSecurityGroups/blue-mynsg",
            "network_interface_id": "/subscriptions/ff9eefe4-311a-4e21-94b8-b9739e8d7da2/resourceGroups/myrg/providers/Microsoft.Network/networkInterfaces/blue-mynic",
            "network_security_group_id": "/subscriptions/ff9eefe4-311a-4e21-94b8-b9739e8d7da2/resourceGroups/myrg/providers/Microsoft.Network/networkSecurityGroups/blue-mynsg",
            "timeouts": null
          },
          "sensitive_attributes": [],
          "private": "eyJlMmJmYjczMC1lY2FhLTExZTYtOGY4OC0zNDM2M2JjN2M0YzAiOnsiY3JlYXRlIjoxODAwMDAwMDAwMDAwLCJkZWxldGUiOjE4MDAwMDAwMDAwMDAsInJlYWQiOjMwMDAwMDAwMDAwMH19",
          "dependencies": [
            "azurerm_resource_group.rg",
            "azurerm_subnet.subnet1",
            "azurerm_virtual_network.vnet",
            "module.blue_vm.azurerm_network_interface.my_nic",
            "module.blue_vm.azurerm_network_security_group.my_nsg"
          ]
        }
      ]
    },
    {
      "module": "module.blue_vm",
      "mode": "managed",
      "type": "azurerm_network_security_group",
      "name": "my_nsg",
      "provider": "provider[\"registry.terraform.io/hashicorp/azurerm\"]",
      "instances": [
        {
          "schema_version": 0,
          "attributes": {
            "id": "/subscriptions/ff9eefe4-311a-4e21-94b8-b9739e8d7da2/resourceGroups/myrg/providers/Microsoft.Network/networkSecurityGroups/blue-mynsg",
            "location": "centralus",
            "name": "blue-mynsg",
            "resource_group_name": "myrg",
            "security_rule": [],
            "tags": null,
            "timeouts": null
          },
          "sensitive_attributes": [],
          "private": "eyJlMmJmYjczMC1lY2FhLTExZTYtOGY4OC0zNDM2M2JjN2M0YzAiOnsiY3JlYXRlIjoxODAwMDAwMDAwMDAwLCJkZWxldGUiOjE4MDAwMDAwMDAwMDAsInJlYWQiOjMwMDAwMDAwMDAwMCwidXBkYXRlIjoxODAwMDAwMDAwMDAwfX0=",
          "dependencies": [
            "azurerm_resource_group.rg",
            "azurerm_subnet.subnet1",
            "azurerm_virtual_network.vnet"
          ]
        }
      ]
    },
    {
      "module": "module.blue_vm",
      "mode": "managed",
      "type": "azurerm_network_security_rule",
      "name": "example",
      "provider": "provider[\"registry.terraform.io/hashicorp/azurerm\"]",
      "instances": [
        {
          "schema_version": 0,
          "attributes": {
            "access": "Allow",
            "description": "",
            "destination_address_prefix": "*",
            "destination_address_prefixes": null,
            "destination_application_security_group_ids": null,
            "destination_port_range": "80",
            "destination_port_ranges": null,
            "direction": "Inbound",
            "id": "/subscriptions/ff9eefe4-311a-4e21-94b8-b9739e8d7da2/resourceGroups/myrg/providers/Microsoft.Network/networkSecurityGroups/blue-mynsg/securityRules/http-rule-nsg",
            "name": "http-rule-nsg",
            "network_security_group_name": "blue-mynsg",
            "priority": 100,
            "protocol": "Tcp",
            "resource_group_name": "myrg",
            "source_address_prefix": "*",
            "source_address_prefixes": null,
            "source_application_security_group_ids": null,
            "source_port_range": "*",
            "source_port_ranges": null,
            "timeouts": null
          },
          "sensitive_attributes": [],
          "private": "eyJlMmJmYjczMC1lY2FhLTExZTYtOGY4OC0zNDM2M2JjN2M0YzAiOnsiY3JlYXRlIjoxODAwMDAwMDAwMDAwLCJkZWxldGUiOjE4MDAwMDAwMDAwMDAsInJlYWQiOjMwMDAwMDAwMDAwMCwidXBkYXRlIjoxODAwMDAwMDAwMDAwfX0=",
          "dependencies": [
            "azurerm_resource_group.rg",
            "azurerm_subnet.subnet1",
            "azurerm_virtual_network.vnet",
            "module.blue_vm.azurerm_network_security_group.my_nsg"
          ]
        }
      ]
    },
    {
      "module": "module.blue_vm",
      "mode": "managed",
      "type": "azurerm_virtual_machine",
      "name": "my_vm",
      "provider": "provider[\"registry.terraform.io/hashicorp/azurerm\"]",
      "instances": [
        {
          "schema_version": 0,
          "attributes": {
            "additional_capabilities": [],
            "availability_set_id": null,
            "boot_diagnostics": [],
            "delete_data_disks_on_termination": false,
            "delete_os_disk_on_termination": true,
            "id": "/subscriptions/ff9eefe4-311a-4e21-94b8-b9739e8d7da2/resourceGroups/myrg/providers/Microsoft.Compute/virtualMachines/blue-vm",
            "identity": [],
            "license_type": null,
            "location": "centralus",
            "name": "blue-vm",
            "network_interface_ids": [
              "/subscriptions/ff9eefe4-311a-4e21-94b8-b9739e8d7da2/resourceGroups/myrg/providers/Microsoft.Network/networkInterfaces/blue-mynic"
            ],
            "os_profile": [
              {
                "admin_password": "",
                "admin_username": "testadmin",
                "computer_name": "bluevm",
                "custom_data": ""
              }
            ],
            "os_profile_linux_config": [
              {
                "disable_password_authentication": false,
                "ssh_keys": []
              }
            ],
            "os_profile_secrets": [],
            "os_profile_windows_config": [],
            "plan": [],
            "primary_network_interface_id": null,
            "proximity_placement_group_id": null,
            "resource_group_name": "myrg",
            "storage_data_disk": [],
            "storage_image_reference": [
              {
                "id": "",
                "offer": "0001-com-ubuntu-server-jammy",
                "publisher": "Canonical",
                "sku": "22_04-lts",
                "version": "latest"
              }
            ],
            "storage_os_disk": [
              {
                "caching": "ReadWrite",
                "create_option": "FromImage",
                "disk_size_gb": 30,
                "image_uri": "",
                "managed_disk_id": "/subscriptions/ff9eefe4-311a-4e21-94b8-b9739e8d7da2/resourceGroups/myrg/providers/Microsoft.Compute/disks/blue-myosdisk",
                "managed_disk_type": "Standard_LRS",
                "name": "blue-myosdisk",
                "os_type": "Linux",
                "vhd_uri": "",
                "write_accelerator_enabled": false
              }
            ],
            "tags": null,
            "timeouts": null,
            "vm_size": "Standard_DS1_v2",
            "zones": null
          },
          "sensitive_attributes": [],
          "private": "eyJlMmJmYjczMC1lY2FhLTExZTYtOGY4OC0zNDM2M2JjN2M0YzAiOnsiY3JlYXRlIjozNjAwMDAwMDAwMDAwLCJkZWxldGUiOjM2MDAwMDAwMDAwMDAsInJlYWQiOjMwMDAwMDAwMDAwMCwidXBkYXRlIjozNjAwMDAwMDAwMDAwfX0=",
          "dependencies": [
            "azurerm_resource_group.rg",
            "azurerm_subnet.subnet1",
            "azurerm_virtual_network.vnet",
            "module.blue_vm.azurerm_network_interface.my_nic"
          ]
        }
      ]
    },
    {
      "module": "module.green_vm",
      "mode": "managed",
      "type": "azurerm_network_interface",
      "name": "my_nic",
      "provider": "provider[\"registry.terraform.io/hashicorp/azurerm\"]",
      "instances": [
        {
          "schema_version": 0,
          "attributes": {
            "applied_dns_servers": [],
            "auxiliary_mode": "",
            "auxiliary_sku": "",
            "dns_servers": [],
            "edge_zone": "",
            "enable_accelerated_networking": false,
            "enable_ip_forwarding": false,
            "id": "/subscriptions/ff9eefe4-311a-4e21-94b8-b9739e8d7da2/resourceGroups/myrg/providers/Microsoft.Network/networkInterfaces/green-mynic",
            "internal_dns_name_label": "",
            "internal_domain_name_suffix": "mi3h2ohtlncufk4dlee4t4mote.gx.internal.cloudapp.net",
            "ip_configuration": [
              {
                "gateway_load_balancer_frontend_ip_configuration_id": "",
                "name": "green-myip",
                "primary": true,
                "private_ip_address": "10.0.2.4",
                "private_ip_address_allocation": "Dynamic",
                "private_ip_address_version": "IPv4",
                "public_ip_address_id": "",
                "subnet_id": "/subscriptions/ff9eefe4-311a-4e21-94b8-b9739e8d7da2/resourceGroups/myrg/providers/Microsoft.Network/virtualNetworks/myvnet/subnets/subnet2"
              }
            ],
            "location": "centralus",
            "mac_address": "",
            "name": "green-mynic",
            "private_ip_address": "10.0.2.4",
            "private_ip_addresses": [
              "10.0.2.4"
            ],
            "resource_group_name": "myrg",
            "tags": null,
            "timeouts": null,
            "virtual_machine_id": ""
          },
          "sensitive_attributes": [],
          "private": "eyJlMmJmYjczMC1lY2FhLTExZTYtOGY4OC0zNDM2M2JjN2M0YzAiOnsiY3JlYXRlIjoxODAwMDAwMDAwMDAwLCJkZWxldGUiOjE4MDAwMDAwMDAwMDAsInJlYWQiOjMwMDAwMDAwMDAwMCwidXBkYXRlIjoxODAwMDAwMDAwMDAwfX0=",
          "dependencies": [
            "azurerm_resource_group.rg",
            "azurerm_subnet.subnet1",
            "azurerm_subnet.subnet2",
            "azurerm_virtual_network.vnet"
          ]
        }
      ]
    },
    {
      "module": "module.green_vm",
      "mode": "managed",
      "type": "azurerm_network_interface_security_group_association",
      "name": "nsg_nic_association",
      "provider": "provider[\"registry.terraform.io/hashicorp/azurerm\"]",
      "instances": [
        {
          "schema_version": 0,
          "attributes": {
            "id": "/subscriptions/ff9eefe4-311a-4e21-94b8-b9739e8d7da2/resourceGroups/myrg/providers/Microsoft.Network/networkInterfaces/green-mynic|/subscriptions/ff9eefe4-311a-4e21-94b8-b9739e8d7da2/resourceGroups/myrg/providers/Microsoft.Network/networkSecurityGroups/green-mynsg",
            "network_interface_id": "/subscriptions/ff9eefe4-311a-4e21-94b8-b9739e8d7da2/resourceGroups/myrg/providers/Microsoft.Network/networkInterfaces/green-mynic",
            "network_security_group_id": "/subscriptions/ff9eefe4-311a-4e21-94b8-b9739e8d7da2/resourceGroups/myrg/providers/Microsoft.Network/networkSecurityGroups/green-mynsg",
            "timeouts": null
          },
          "sensitive_attributes": [],
          "private": "eyJlMmJmYjczMC1lY2FhLTExZTYtOGY4OC0zNDM2M2JjN2M0YzAiOnsiY3JlYXRlIjoxODAwMDAwMDAwMDAwLCJkZWxldGUiOjE4MDAwMDAwMDAwMDAsInJlYWQiOjMwMDAwMDAwMDAwMH19",
          "dependencies": [
            "azurerm_resource_group.rg",
            "azurerm_subnet.subnet1",
            "azurerm_subnet.subnet2",
            "azurerm_virtual_network.vnet",
            "module.green_vm.azurerm_network_interface.my_nic",
            "module.green_vm.azurerm_network_security_group.my_nsg"
          ]
        }
      ]
    },
    {
      "module": "module.green_vm",
      "mode": "managed",
      "type": "azurerm_network_security_group",
      "name": "my_nsg",
      "provider": "provider[\"registry.terraform.io/hashicorp/azurerm\"]",
      "instances": [
        {
          "schema_version": 0,
          "attributes": {
            "id": "/subscriptions/ff9eefe4-311a-4e21-94b8-b9739e8d7da2/resourceGroups/myrg/providers/Microsoft.Network/networkSecurityGroups/green-mynsg",
            "location": "centralus",
            "name": "green-mynsg",
            "resource_group_name": "myrg",
            "security_rule": [],
            "tags": null,
            "timeouts": null
          },
          "sensitive_attributes": [],
          "private": "eyJlMmJmYjczMC1lY2FhLTExZTYtOGY4OC0zNDM2M2JjN2M0YzAiOnsiY3JlYXRlIjoxODAwMDAwMDAwMDAwLCJkZWxldGUiOjE4MDAwMDAwMDAwMDAsInJlYWQiOjMwMDAwMDAwMDAwMCwidXBkYXRlIjoxODAwMDAwMDAwMDAwfX0=",
          "dependencies": [
            "azurerm_resource_group.rg",
            "azurerm_subnet.subnet1",
            "azurerm_virtual_network.vnet"
          ]
        }
      ]
    },
    {
      "module": "module.green_vm",
      "mode": "managed",
      "type": "azurerm_network_security_rule",
      "name": "example",
      "provider": "provider[\"registry.terraform.io/hashicorp/azurerm\"]",
      "instances": [
        {
          "schema_version": 0,
          "attributes": {
            "access": "Allow",
            "description": "",
            "destination_address_prefix": "*",
            "destination_address_prefixes": null,
            "destination_application_security_group_ids": null,
            "destination_port_range": "80",
            "destination_port_ranges": null,
            "direction": "Inbound",
            "id": "/subscriptions/ff9eefe4-311a-4e21-94b8-b9739e8d7da2/resourceGroups/myrg/providers/Microsoft.Network/networkSecurityGroups/green-mynsg/securityRules/http-rule-nsg",
            "name": "http-rule-nsg",
            "network_security_group_name": "green-mynsg",
            "priority": 100,
            "protocol": "Tcp",
            "resource_group_name": "myrg",
            "source_address_prefix": "*",
            "source_address_prefixes": null,
            "source_application_security_group_ids": null,
            "source_port_range": "*",
            "source_port_ranges": null,
            "timeouts": null
          },
          "sensitive_attributes": [],
          "private": "eyJlMmJmYjczMC1lY2FhLTExZTYtOGY4OC0zNDM2M2JjN2M0YzAiOnsiY3JlYXRlIjoxODAwMDAwMDAwMDAwLCJkZWxldGUiOjE4MDAwMDAwMDAwMDAsInJlYWQiOjMwMDAwMDAwMDAwMCwidXBkYXRlIjoxODAwMDAwMDAwMDAwfX0=",
          "dependencies": [
            "azurerm_resource_group.rg",
            "azurerm_subnet.subnet1",
            "azurerm_virtual_network.vnet",
            "module.green_vm.azurerm_network_security_group.my_nsg"
          ]
        }
      ]
    },
    {
      "module": "module.green_vm",
      "mode": "managed",
      "type": "azurerm_virtual_machine",
      "name": "my_vm",
      "provider": "provider[\"registry.terraform.io/hashicorp/azurerm\"]",
      "instances": [
        {
          "schema_version": 0,
          "attributes": {
            "additional_capabilities": [],
            "availability_set_id": null,
            "boot_diagnostics": [],
            "delete_data_disks_on_termination": false,
            "delete_os_disk_on_termination": true,
            "id": "/subscriptions/ff9eefe4-311a-4e21-94b8-b9739e8d7da2/resourceGroups/myrg/providers/Microsoft.Compute/virtualMachines/green-vm",
            "identity": [],
            "license_type": null,
            "location": "centralus",
            "name": "green-vm",
            "network_interface_ids": [
              "/subscriptions/ff9eefe4-311a-4e21-94b8-b9739e8d7da2/resourceGroups/myrg/providers/Microsoft.Network/networkInterfaces/green-mynic"
            ],
            "os_profile": [
              {
                "admin_password": "",
                "admin_username": "testadmin",
                "computer_name": "greenvm",
                "custom_data": ""
              }
            ],
            "os_profile_linux_config": [
              {
                "disable_password_authentication": false,
                "ssh_keys": []
              }
            ],
            "os_profile_secrets": [],
            "os_profile_windows_config": [],
            "plan": [],
            "primary_network_interface_id": null,
            "proximity_placement_group_id": null,
            "resource_group_name": "myrg",
            "storage_data_disk": [],
            "storage_image_reference": [
              {
                "id": "",
                "offer": "0001-com-ubuntu-server-jammy",
                "publisher": "Canonical",
                "sku": "22_04-lts",
                "version": "latest"
              }
            ],
            "storage_os_disk": [
              {
                "caching": "ReadWrite",
                "create_option": "FromImage",
                "disk_size_gb": 30,
                "image_uri": "",
                "managed_disk_id": "/subscriptions/ff9eefe4-311a-4e21-94b8-b9739e8d7da2/resourceGroups/myrg/providers/Microsoft.Compute/disks/green-myosdisk",
                "managed_disk_type": "Standard_LRS",
                "name": "green-myosdisk",
                "os_type": "Linux",
                "vhd_uri": "",
                "write_accelerator_enabled": false
              }
            ],
            "tags": null,
            "timeouts": null,
            "vm_size": "Standard_DS1_v2",
            "zones": null
          },
          "sensitive_attributes": [],
          "private": "eyJlMmJmYjczMC1lY2FhLTExZTYtOGY4OC0zNDM2M2JjN2M0YzAiOnsiY3JlYXRlIjozNjAwMDAwMDAwMDAwLCJkZWxldGUiOjM2MDAwMDAwMDAwMDAsInJlYWQiOjMwMDAwMDAwMDAwMCwidXBkYXRlIjozNjAwMDAwMDAwMDAwfX0=",
          "dependencies": [
            "azurerm_resource_group.rg",
            "azurerm_subnet.subnet1",
            "azurerm_subnet.subnet2",
            "azurerm_virtual_network.vnet",
            "module.green_vm.azurerm_network_interface.my_nic"
          ]
        }
      ]
    }
  ],
  "check_results": null
}
